
Microsoft Visual Studio Solution File, Format Version 12.00
# Visual Studio Version 17
VisualStudioVersion = 17.5.002.0
MinimumVisualStudioVersion = 10.0.40219.1
Project("{9A19103F-16F7-4668-BE54-9A1E7A4F7556}") = "FINAL Gimnasio", "FINAL Gimnasio.csproj", "{B04DACA2-A4FD-4D11-8A48-DF2DC282B3A0}"
EndProject
Global
	GlobalSection(SolutionConfigurationPlatforms) = preSolution
		Debug|Any CPU = Debug|Any CPU
		Release|Any CPU = Release|Any CPU
	EndGlobalSection
	GlobalSection(ProjectConfigurationPlatforms) = postSolution
		{B04DACA2-A4FD-4D11-8A48-DF2DC282B3A0}.Debug|Any CPU.ActiveCfg = Debug|Any CPU
		{B04DACA2-A4FD-4D11-8A48-DF2DC282B3A0}.Debug|Any CPU.Build.0 = Debug|Any CPU
		{B04DACA2-A4FD-4D11-8A48-DF2DC282B3A0}.Release|Any CPU.ActiveCfg = Release|Any CPU
		{B04DACA2-A4FD-4D11-8A48-DF2DC282B3A0}.Release|Any CPU.Build.0 = Release|Any CPU
	EndGlobalSection
	GlobalSection(SolutionProperties) = preSolution
		HideSolutionNode = FALSE
	EndGlobalSection
	GlobalSection(ExtensibilityGlobals) = postSolution
		SolutionGuid = {36B2E8D0-C79B-4624-96F3-5CEEC5B66D6B}
	EndGlobalSection
EndGlobal
